{
  "version": 4,
  "terraform_version": "1.3.2",
  "serial": 72,
  "lineage": "b355d0f6-cd13-2b4e-8a16-7a4a4b39db2e",
  "outputs": {
    "resource_group_name": {
      "value": "tektutor-rg2",
      "type": "string"
    },
    "ssh_key": {
      "value": "-----BEGIN RSA PRIVATE KEY-----\nMIIJKQIBAAKCAgEAtZbU5R1lrRDagSfYhhhjTYm6adnTeAopvNm3i6oQy534kKK6\nAtGI/PQJS8+9W5sAe7mgPE2Z1P/kH2xjGbSh2St1+SU5xrB80nPbl6+7gij7hwZh\nymZbPa23wyIfHlwNQ7vQHw18/8tP9DbG8dZPpB7txDJ0pCYNIRJ7C8zykNPopS6F\nj4k4A1/fz62JEazEBB8Eu6ZB2hRM9HouggaxrZ5195LPCwsT3Shvgjyz4Ym0WWg4\nbxGBDqQhTcTIj8utixf9lsb+pgp9Wvtk3ZPyttyeJJc6b4D9P5Q515f/jOIGg7+F\nC6td0leZ+lYoNRf8qcO2kYQatgcJgkw9cg1PyOSM3MP7rp92LIQU0qEz1Q4BYQUL\n8R8e1L1jp1Z4p5KhvslJEBLhvq8lyb0QdK9X4fiGUk+6fZ9SRdlbWXmW1f3keZdi\n0gB2tWLDn8GRDPINkFXnSEmfk+p65zCY+8DKrx35DwCe8LJI6cNm8cQmHIaxB80m\nUkUWbFmnJ38DouFurl6tFRUEL1mCrIEIrxqbCKJ2vZ/v/oIf3nI1bmEcy04S27Gv\n9qyT0Pup8YZ8e/JLoZfcPzEYss0pSNabeZX+Be5I4aVjh0wPsd+bAI/YjIOQtYKE\nUVYBXFnXyV8klWUS+os5iHNqFR5YJGAeGE87y7qHmkn0vQ2B1Nf1EwFO/DcCAwEA\nAQKCAgEAliB7JmildO2oGHt+0W48OxCQ445I/Mc6Nn2w93DErfKOW9WM/2OIY8jG\nHr1DCgcd4SxYQ0LM2YItcaVEUS47WLZLtI2INLIYoE1U0RVianvDZ6BpHNJ+wIFs\nmZEONSVZehQ+Pk4Cd9/43CilVa8e7Mr9O+WS9VrYI+2JePoZ2I65mkbZ+Q8zFecf\nvCz2U3yIGfgjC5iqfMenz79rz+gE4UtOsD3ZmoGwDHmvpvbUqLQWPIyji3/nONmN\nBySXw/paIdLVvuAKC/BELwIEJAR6959xx0KX9zOnK/c50vpBNpJvXGDsd/dXe90c\n2hB88VhBdYDu4WNcSf2LaQPrEO3cdQ+oPFUaF4Nd3oiTKHGG5Xi9znirGgEQ1rUh\ngg0lAxnuBpX2UdjCg0M/Qt7cpcOlPyRNrlup5KzXZ04hykjC2VeqUZun3nDyR1lg\nQQKLvIIWWZr/VoEjhzLVhhSJghwjGw3NR7DUFgqD675C1V7TbWBR0ThcqN3FmGD6\n0PRnpOIzfzb2xF6H+Urlv5P963ptg0bUi7z74J8meh6jjdiX0me3O/nkzMB8DbrG\nh4RSi9+NJ7VOEvS21pgV27PmGFo7lUz5ldMpmu/L5/lWUpQxVSZ8v7CNuBGnsTll\n/mJcBxqQmNWF5Esgrqlizi6VclJ3lxULS5HhuL35yd987tNyjUECggEBANnUHxIg\nftM1CTSS2XoW6/BaMtyRb7bsVyRYro6E+s3PzkeduLKW57MuwZlP1nm6vKJRCSPE\nu6PNy5KMXeOFySFl1oE8e0sah6BkxxPiEmnFVBq1LZYC5rQCBKpvC2q8VfBQOjft\nCml4uotHy+vxx62hvLNaGEp01kPs1jlcKQPriRyrHIrU9HCVjANM3XSBOPohNSO4\nqWWIHdT68l2Dtc/Gy4/UPnUr5LzYIE4uz9FPy/eKHy1jYupBnMtfYvHY99z0pF7w\nDrdd7WZyL1WlEATiGfH/HKu7vLZ5i37qHoqbCzJnxIGpjAKoGMOQYvdteXni0XDj\n1CHyDUHLsGrri4cCggEBANVo/t87OG2NmtY99Z2J8fjLHvhmnGAfjfvPNOzFpQGY\nRBRB1kn/u+cZAxo4Uq/DtMGGE7pKByjnWTR/2X1D8gpzKMBvQtT+eYwEoQHDR+qN\n5kCKLV8wWCx/2rfonEYeQ+5pWdf+s7neahSDQkyLZj7wpn8sinDL8sE0Y1zD4o75\nftj+d9ul7YNk/kZ3E0s1prODjNf+J5QY21Kw+Jjpx3N1yNuYumSqd1SjOEE0ZMid\nh9gaXvlCB6FNsPfiAP/+18R4lDB7vS21VMD8FUf6pl31XZ20kuPvTAqjLYRUKQ1A\nkog3H388oRAJ7quSHfhAbYCT/8Xn0eSQ/9WOMTrwFdECggEAWpywqBu4ZieDwsjr\niqwKTZtX2QTu0csSnN3/Du4mXoL5LjVf5Xp8u77RbfMWJuEVIvhOswBdhdBPxJB7\nZe/7MNdqGayNJTrN/Fyvq4e5XSJm0A1Z/zMJwQut4S/8MdRSc3sMHMOQNzuvbczZ\n+TZEd+f11S2/OQnNL8hPfODnduf9y10qrF3VqResfJr27EXs66/wqQFiBghPUI9r\nTpdBhEMP3q7NpHQz3JKTLbKvZESrdjeQrJLRTN0qWjc9s5kr0lA6J/v4QzLhVGJf\namMVfNKJNG+I/69C2y1IZ+z/82x3hepAhid/RIOkeYWQhZiWlatSsIE1d0F3Xk1a\n/78n9QKCAQAVRTXCAiEJqkd4ewxz+z/G0Ffx4ihL3FlGc8yOnNRpaEfAzR8SmQ6d\nZfzNLDfxlMv7TeXBd4dnKEfX17ZRqegB6qBxLaW3nPV4Yy25A0Gzuxjr7dm/1w2y\nwbuHAQQyaOnUZWOzB4vaRrTD/qEpB+vU8h9mJYZW37z+TL5qjIuUPIHMFvDTT6Jw\nqiw90bh2ko5e7gmnrYk8VY3mnATrGMHsXBz85igNyH/ES9Bbj2FMLYdQnrBAn7gq\n95df3YLEAR54UpxSiMK+P4iHA5kLZ4wVaVM/WLQbS8qEdOcgfVLqIzl3oibdg6l5\n88N6DkI2cBV570Za71QYN+uH2XhGq49BAoIBAQDIO7GgBn3Z+U0nCQZwS1SuLqfz\nr0jShxaY+pNWCdOGwYCy3TdvulZI7TcXoqM8B2LcKqk0vv6LSFZRtPS025RKnHkO\nbJNPHhZl3mEiy3KJZok/9EqSz4hzLxmZkMqY2cdf7Mf4QS3sUcHXZiFaus142oO/\nfGILE4JbyzQRH4BSepyi8b3p0ass/uIbT9Jo2xx+uCRnVpMichtTVKvLwwGRbaUc\nxa3u/4iIuEyzUMiwNUOh3vLmGOk8Ooou/PunwoyMbjlRultXCsojYbWCGJ0xK1fO\nBHIWCg5s77tmZgrnJLi3471d41RsAvGRG6l/XKSDyrkmCuOXMu0tRfZ2tO7L\n-----END RSA PRIVATE KEY-----\n",
      "type": "string",
      "sensitive": true
    },
    "tls_private_key": {
      "value": "-----BEGIN RSA PRIVATE KEY-----\nMIIJKQIBAAKCAgEAtZbU5R1lrRDagSfYhhhjTYm6adnTeAopvNm3i6oQy534kKK6\nAtGI/PQJS8+9W5sAe7mgPE2Z1P/kH2xjGbSh2St1+SU5xrB80nPbl6+7gij7hwZh\nymZbPa23wyIfHlwNQ7vQHw18/8tP9DbG8dZPpB7txDJ0pCYNIRJ7C8zykNPopS6F\nj4k4A1/fz62JEazEBB8Eu6ZB2hRM9HouggaxrZ5195LPCwsT3Shvgjyz4Ym0WWg4\nbxGBDqQhTcTIj8utixf9lsb+pgp9Wvtk3ZPyttyeJJc6b4D9P5Q515f/jOIGg7+F\nC6td0leZ+lYoNRf8qcO2kYQatgcJgkw9cg1PyOSM3MP7rp92LIQU0qEz1Q4BYQUL\n8R8e1L1jp1Z4p5KhvslJEBLhvq8lyb0QdK9X4fiGUk+6fZ9SRdlbWXmW1f3keZdi\n0gB2tWLDn8GRDPINkFXnSEmfk+p65zCY+8DKrx35DwCe8LJI6cNm8cQmHIaxB80m\nUkUWbFmnJ38DouFurl6tFRUEL1mCrIEIrxqbCKJ2vZ/v/oIf3nI1bmEcy04S27Gv\n9qyT0Pup8YZ8e/JLoZfcPzEYss0pSNabeZX+Be5I4aVjh0wPsd+bAI/YjIOQtYKE\nUVYBXFnXyV8klWUS+os5iHNqFR5YJGAeGE87y7qHmkn0vQ2B1Nf1EwFO/DcCAwEA\nAQKCAgEAliB7JmildO2oGHt+0W48OxCQ445I/Mc6Nn2w93DErfKOW9WM/2OIY8jG\nHr1DCgcd4SxYQ0LM2YItcaVEUS47WLZLtI2INLIYoE1U0RVianvDZ6BpHNJ+wIFs\nmZEONSVZehQ+Pk4Cd9/43CilVa8e7Mr9O+WS9VrYI+2JePoZ2I65mkbZ+Q8zFecf\nvCz2U3yIGfgjC5iqfMenz79rz+gE4UtOsD3ZmoGwDHmvpvbUqLQWPIyji3/nONmN\nBySXw/paIdLVvuAKC/BELwIEJAR6959xx0KX9zOnK/c50vpBNpJvXGDsd/dXe90c\n2hB88VhBdYDu4WNcSf2LaQPrEO3cdQ+oPFUaF4Nd3oiTKHGG5Xi9znirGgEQ1rUh\ngg0lAxnuBpX2UdjCg0M/Qt7cpcOlPyRNrlup5KzXZ04hykjC2VeqUZun3nDyR1lg\nQQKLvIIWWZr/VoEjhzLVhhSJghwjGw3NR7DUFgqD675C1V7TbWBR0ThcqN3FmGD6\n0PRnpOIzfzb2xF6H+Urlv5P963ptg0bUi7z74J8meh6jjdiX0me3O/nkzMB8DbrG\nh4RSi9+NJ7VOEvS21pgV27PmGFo7lUz5ldMpmu/L5/lWUpQxVSZ8v7CNuBGnsTll\n/mJcBxqQmNWF5Esgrqlizi6VclJ3lxULS5HhuL35yd987tNyjUECggEBANnUHxIg\nftM1CTSS2XoW6/BaMtyRb7bsVyRYro6E+s3PzkeduLKW57MuwZlP1nm6vKJRCSPE\nu6PNy5KMXeOFySFl1oE8e0sah6BkxxPiEmnFVBq1LZYC5rQCBKpvC2q8VfBQOjft\nCml4uotHy+vxx62hvLNaGEp01kPs1jlcKQPriRyrHIrU9HCVjANM3XSBOPohNSO4\nqWWIHdT68l2Dtc/Gy4/UPnUr5LzYIE4uz9FPy/eKHy1jYupBnMtfYvHY99z0pF7w\nDrdd7WZyL1WlEATiGfH/HKu7vLZ5i37qHoqbCzJnxIGpjAKoGMOQYvdteXni0XDj\n1CHyDUHLsGrri4cCggEBANVo/t87OG2NmtY99Z2J8fjLHvhmnGAfjfvPNOzFpQGY\nRBRB1kn/u+cZAxo4Uq/DtMGGE7pKByjnWTR/2X1D8gpzKMBvQtT+eYwEoQHDR+qN\n5kCKLV8wWCx/2rfonEYeQ+5pWdf+s7neahSDQkyLZj7wpn8sinDL8sE0Y1zD4o75\nftj+d9ul7YNk/kZ3E0s1prODjNf+J5QY21Kw+Jjpx3N1yNuYumSqd1SjOEE0ZMid\nh9gaXvlCB6FNsPfiAP/+18R4lDB7vS21VMD8FUf6pl31XZ20kuPvTAqjLYRUKQ1A\nkog3H388oRAJ7quSHfhAbYCT/8Xn0eSQ/9WOMTrwFdECggEAWpywqBu4ZieDwsjr\niqwKTZtX2QTu0csSnN3/Du4mXoL5LjVf5Xp8u77RbfMWJuEVIvhOswBdhdBPxJB7\nZe/7MNdqGayNJTrN/Fyvq4e5XSJm0A1Z/zMJwQut4S/8MdRSc3sMHMOQNzuvbczZ\n+TZEd+f11S2/OQnNL8hPfODnduf9y10qrF3VqResfJr27EXs66/wqQFiBghPUI9r\nTpdBhEMP3q7NpHQz3JKTLbKvZESrdjeQrJLRTN0qWjc9s5kr0lA6J/v4QzLhVGJf\namMVfNKJNG+I/69C2y1IZ+z/82x3hepAhid/RIOkeYWQhZiWlatSsIE1d0F3Xk1a\n/78n9QKCAQAVRTXCAiEJqkd4ewxz+z/G0Ffx4ihL3FlGc8yOnNRpaEfAzR8SmQ6d\nZfzNLDfxlMv7TeXBd4dnKEfX17ZRqegB6qBxLaW3nPV4Yy25A0Gzuxjr7dm/1w2y\nwbuHAQQyaOnUZWOzB4vaRrTD/qEpB+vU8h9mJYZW37z+TL5qjIuUPIHMFvDTT6Jw\nqiw90bh2ko5e7gmnrYk8VY3mnATrGMHsXBz85igNyH/ES9Bbj2FMLYdQnrBAn7gq\n95df3YLEAR54UpxSiMK+P4iHA5kLZ4wVaVM/WLQbS8qEdOcgfVLqIzl3oibdg6l5\n88N6DkI2cBV570Za71QYN+uH2XhGq49BAoIBAQDIO7GgBn3Z+U0nCQZwS1SuLqfz\nr0jShxaY+pNWCdOGwYCy3TdvulZI7TcXoqM8B2LcKqk0vv6LSFZRtPS025RKnHkO\nbJNPHhZl3mEiy3KJZok/9EqSz4hzLxmZkMqY2cdf7Mf4QS3sUcHXZiFaus142oO/\nfGILE4JbyzQRH4BSepyi8b3p0ass/uIbT9Jo2xx+uCRnVpMichtTVKvLwwGRbaUc\nxa3u/4iIuEyzUMiwNUOh3vLmGOk8Ooou/PunwoyMbjlRultXCsojYbWCGJ0xK1fO\nBHIWCg5s77tmZgrnJLi3471d41RsAvGRG6l/XKSDyrkmCuOXMu0tRfZ2tO7L\n-----END RSA PRIVATE KEY-----\n",
      "type": "string",
      "sensitive": true
    }
  },
  "resources": [
    {
      "mode": "managed",
      "type": "azurerm_lb",
      "name": "my_lb",
      "provider": "provider[\"registry.terraform.io/hashicorp/azurerm\"]",
      "instances": [
        {
          "schema_version": 0,
          "attributes": {
            "edge_zone": "",
            "frontend_ip_configuration": [
              {
                "gateway_load_balancer_frontend_ip_configuration_id": "",
                "id": "/subscriptions/6ee542a8-0314-472f-a628-625cfbfcc778/resourceGroups/tektutor-rg2/providers/Microsoft.Network/loadBalancers/MyLoadBalancer/frontendIPConfigurations/PublicIPAddress",
                "inbound_nat_rules": [],
                "load_balancer_rules": [],
                "name": "PublicIPAddress",
                "outbound_rules": [],
                "private_ip_address": "",
                "private_ip_address_allocation": "Dynamic",
                "private_ip_address_version": "",
                "public_ip_address_id": "/subscriptions/6ee542a8-0314-472f-a628-625cfbfcc778/resourceGroups/tektutor-rg2/providers/Microsoft.Network/publicIPAddresses/PublicIPForLB",
                "public_ip_prefix_id": "",
                "subnet_id": "",
                "zones": null
              }
            ],
            "id": "/subscriptions/6ee542a8-0314-472f-a628-625cfbfcc778/resourceGroups/tektutor-rg2/providers/Microsoft.Network/loadBalancers/MyLoadBalancer",
            "location": "eastus",
            "name": "MyLoadBalancer",
            "private_ip_address": "",
            "private_ip_addresses": [],
            "resource_group_name": "tektutor-rg2",
            "sku": "Standard",
            "sku_tier": "Regional",
            "tags": null,
            "timeouts": null
          },
          "sensitive_attributes": [],
          "private": "eyJlMmJmYjczMC1lY2FhLTExZTYtOGY4OC0zNDM2M2JjN2M0YzAiOnsiY3JlYXRlIjoxODAwMDAwMDAwMDAwLCJkZWxldGUiOjE4MDAwMDAwMDAwMDAsInJlYWQiOjMwMDAwMDAwMDAwMCwidXBkYXRlIjoxODAwMDAwMDAwMDAwfX0=",
          "dependencies": [
            "azurerm_public_ip.lb_public_ip",
            "azurerm_resource_group.rg"
          ]
        }
      ]
    },
    {
      "mode": "managed",
      "type": "azurerm_lb_backend_address_pool",
      "name": "lb_backend",
      "provider": "provider[\"registry.terraform.io/hashicorp/azurerm\"]",
      "instances": [
        {
          "schema_version": 0,
          "attributes": {
            "backend_ip_configurations": [],
            "id": "/subscriptions/6ee542a8-0314-472f-a628-625cfbfcc778/resourceGroups/tektutor-rg2/providers/Microsoft.Network/loadBalancers/MyLoadBalancer/backendAddressPools/LBBackEndAddressPool",
            "inbound_nat_rules": [],
            "load_balancing_rules": [],
            "loadbalancer_id": "/subscriptions/6ee542a8-0314-472f-a628-625cfbfcc778/resourceGroups/tektutor-rg2/providers/Microsoft.Network/loadBalancers/MyLoadBalancer",
            "name": "LBBackEndAddressPool",
            "outbound_rules": [],
            "timeouts": null,
            "tunnel_interface": []
          },
          "sensitive_attributes": [],
          "private": "eyJlMmJmYjczMC1lY2FhLTExZTYtOGY4OC0zNDM2M2JjN2M0YzAiOnsiY3JlYXRlIjoxODAwMDAwMDAwMDAwLCJkZWxldGUiOjE4MDAwMDAwMDAwMDAsInJlYWQiOjMwMDAwMDAwMDAwMCwidXBkYXRlIjoxODAwMDAwMDAwMDAwfX0=",
          "dependencies": [
            "azurerm_lb.my_lb",
            "azurerm_public_ip.lb_public_ip",
            "azurerm_resource_group.rg"
          ]
        }
      ]
    },
    {
      "mode": "managed",
      "type": "azurerm_lb_rule",
      "name": "lb_forward_port_80_traffic_rule",
      "provider": "provider[\"registry.terraform.io/hashicorp/azurerm\"]",
      "instances": [
        {
          "schema_version": 0,
          "attributes": {
            "backend_address_pool_ids": null,
            "backend_port": 80,
            "disable_outbound_snat": false,
            "enable_floating_ip": false,
            "enable_tcp_reset": false,
            "frontend_ip_configuration_id": "/subscriptions/6ee542a8-0314-472f-a628-625cfbfcc778/resourceGroups/tektutor-rg2/providers/Microsoft.Network/loadBalancers/MyLoadBalancer/frontendIPConfigurations/PublicIPAddress",
            "frontend_ip_configuration_name": "PublicIPAddress",
            "frontend_port": 80,
            "id": "/subscriptions/6ee542a8-0314-472f-a628-625cfbfcc778/resourceGroups/tektutor-rg2/providers/Microsoft.Network/loadBalancers/MyLoadBalancer/loadBalancingRules/LBRule",
            "idle_timeout_in_minutes": 4,
            "load_distribution": "Default",
            "loadbalancer_id": "/subscriptions/6ee542a8-0314-472f-a628-625cfbfcc778/resourceGroups/tektutor-rg2/providers/Microsoft.Network/loadBalancers/MyLoadBalancer",
            "name": "LBRule",
            "probe_id": "",
            "protocol": "Tcp",
            "timeouts": null
          },
          "sensitive_attributes": [],
          "private": "eyJlMmJmYjczMC1lY2FhLTExZTYtOGY4OC0zNDM2M2JjN2M0YzAiOnsiY3JlYXRlIjoxODAwMDAwMDAwMDAwLCJkZWxldGUiOjE4MDAwMDAwMDAwMDAsInJlYWQiOjMwMDAwMDAwMDAwMCwidXBkYXRlIjoxODAwMDAwMDAwMDAwfX0=",
          "dependencies": [
            "azurerm_lb.my_lb",
            "azurerm_public_ip.lb_public_ip",
            "azurerm_resource_group.rg"
          ]
        }
      ]
    },
    {
      "mode": "managed",
      "type": "azurerm_network_interface",
      "name": "my_nic",
      "provider": "provider[\"registry.terraform.io/hashicorp/azurerm\"]",
      "instances": [
        {
          "index_key": 0,
          "schema_version": 0,
          "attributes": {
            "applied_dns_servers": [],
            "dns_servers": [],
            "edge_zone": "",
            "enable_accelerated_networking": false,
            "enable_ip_forwarding": false,
            "id": "/subscriptions/6ee542a8-0314-472f-a628-625cfbfcc778/resourceGroups/tektutor-rg2/providers/Microsoft.Network/networkInterfaces/myNIC0",
            "internal_dns_name_label": "",
            "internal_domain_name_suffix": "1klzixpbuwrejbi2npa0fqn45g.bx.internal.cloudapp.net",
            "ip_configuration": [
              {
                "gateway_load_balancer_frontend_ip_configuration_id": "",
                "name": "my_nic_configuration0",
                "primary": true,
                "private_ip_address": "10.0.1.5",
                "private_ip_address_allocation": "Dynamic",
                "private_ip_address_version": "IPv4",
                "public_ip_address_id": "/subscriptions/6ee542a8-0314-472f-a628-625cfbfcc778/resourceGroups/tektutor-rg2/providers/Microsoft.Network/publicIPAddresses/myPublicIP0",
                "subnet_id": "/subscriptions/6ee542a8-0314-472f-a628-625cfbfcc778/resourceGroups/tektutor-rg2/providers/Microsoft.Network/virtualNetworks/my-virtual-net/subnets/mySubnet"
              }
            ],
            "location": "eastus",
            "mac_address": "",
            "name": "myNIC0",
            "private_ip_address": "10.0.1.5",
            "private_ip_addresses": [
              "10.0.1.5"
            ],
            "resource_group_name": "tektutor-rg2",
            "tags": null,
            "timeouts": null,
            "virtual_machine_id": ""
          },
          "sensitive_attributes": [],
          "private": "eyJlMmJmYjczMC1lY2FhLTExZTYtOGY4OC0zNDM2M2JjN2M0YzAiOnsiY3JlYXRlIjoxODAwMDAwMDAwMDAwLCJkZWxldGUiOjE4MDAwMDAwMDAwMDAsInJlYWQiOjMwMDAwMDAwMDAwMCwidXBkYXRlIjoxODAwMDAwMDAwMDAwfX0=",
          "dependencies": [
            "azurerm_public_ip.my_public_ip",
            "azurerm_resource_group.rg",
            "azurerm_subnet.my_subnet",
            "azurerm_virtual_network.my_virtual_network"
          ]
        },
        {
          "index_key": 1,
          "schema_version": 0,
          "attributes": {
            "applied_dns_servers": [],
            "dns_servers": [],
            "edge_zone": "",
            "enable_accelerated_networking": false,
            "enable_ip_forwarding": false,
            "id": "/subscriptions/6ee542a8-0314-472f-a628-625cfbfcc778/resourceGroups/tektutor-rg2/providers/Microsoft.Network/networkInterfaces/myNIC1",
            "internal_dns_name_label": "",
            "internal_domain_name_suffix": "1klzixpbuwrejbi2npa0fqn45g.bx.internal.cloudapp.net",
            "ip_configuration": [
              {
                "gateway_load_balancer_frontend_ip_configuration_id": "",
                "name": "my_nic_configuration1",
                "primary": true,
                "private_ip_address": "10.0.1.6",
                "private_ip_address_allocation": "Dynamic",
                "private_ip_address_version": "IPv4",
                "public_ip_address_id": "/subscriptions/6ee542a8-0314-472f-a628-625cfbfcc778/resourceGroups/tektutor-rg2/providers/Microsoft.Network/publicIPAddresses/myPublicIP1",
                "subnet_id": "/subscriptions/6ee542a8-0314-472f-a628-625cfbfcc778/resourceGroups/tektutor-rg2/providers/Microsoft.Network/virtualNetworks/my-virtual-net/subnets/mySubnet"
              }
            ],
            "location": "eastus",
            "mac_address": "",
            "name": "myNIC1",
            "private_ip_address": "10.0.1.6",
            "private_ip_addresses": [
              "10.0.1.6"
            ],
            "resource_group_name": "tektutor-rg2",
            "tags": null,
            "timeouts": null,
            "virtual_machine_id": ""
          },
          "sensitive_attributes": [],
          "private": "eyJlMmJmYjczMC1lY2FhLTExZTYtOGY4OC0zNDM2M2JjN2M0YzAiOnsiY3JlYXRlIjoxODAwMDAwMDAwMDAwLCJkZWxldGUiOjE4MDAwMDAwMDAwMDAsInJlYWQiOjMwMDAwMDAwMDAwMCwidXBkYXRlIjoxODAwMDAwMDAwMDAwfX0=",
          "dependencies": [
            "azurerm_public_ip.my_public_ip",
            "azurerm_resource_group.rg",
            "azurerm_subnet.my_subnet",
            "azurerm_virtual_network.my_virtual_network"
          ]
        },
        {
          "index_key": 2,
          "schema_version": 0,
          "attributes": {
            "applied_dns_servers": [],
            "dns_servers": [],
            "edge_zone": "",
            "enable_accelerated_networking": false,
            "enable_ip_forwarding": false,
            "id": "/subscriptions/6ee542a8-0314-472f-a628-625cfbfcc778/resourceGroups/tektutor-rg2/providers/Microsoft.Network/networkInterfaces/myNIC2",
            "internal_dns_name_label": "",
            "internal_domain_name_suffix": "1klzixpbuwrejbi2npa0fqn45g.bx.internal.cloudapp.net",
            "ip_configuration": [
              {
                "gateway_load_balancer_frontend_ip_configuration_id": "",
                "name": "my_nic_configuration2",
                "primary": true,
                "private_ip_address": "10.0.1.4",
                "private_ip_address_allocation": "Dynamic",
                "private_ip_address_version": "IPv4",
                "public_ip_address_id": "/subscriptions/6ee542a8-0314-472f-a628-625cfbfcc778/resourceGroups/tektutor-rg2/providers/Microsoft.Network/publicIPAddresses/myPublicIP2",
                "subnet_id": "/subscriptions/6ee542a8-0314-472f-a628-625cfbfcc778/resourceGroups/tektutor-rg2/providers/Microsoft.Network/virtualNetworks/my-virtual-net/subnets/mySubnet"
              }
            ],
            "location": "eastus",
            "mac_address": "",
            "name": "myNIC2",
            "private_ip_address": "10.0.1.4",
            "private_ip_addresses": [
              "10.0.1.4"
            ],
            "resource_group_name": "tektutor-rg2",
            "tags": null,
            "timeouts": null,
            "virtual_machine_id": ""
          },
          "sensitive_attributes": [],
          "private": "eyJlMmJmYjczMC1lY2FhLTExZTYtOGY4OC0zNDM2M2JjN2M0YzAiOnsiY3JlYXRlIjoxODAwMDAwMDAwMDAwLCJkZWxldGUiOjE4MDAwMDAwMDAwMDAsInJlYWQiOjMwMDAwMDAwMDAwMCwidXBkYXRlIjoxODAwMDAwMDAwMDAwfX0=",
          "dependencies": [
            "azurerm_public_ip.my_public_ip",
            "azurerm_resource_group.rg",
            "azurerm_subnet.my_subnet",
            "azurerm_virtual_network.my_virtual_network"
          ]
        }
      ]
    },
    {
      "mode": "managed",
      "type": "azurerm_network_interface_security_group_association",
      "name": "nic_ngs_connector",
      "provider": "provider[\"registry.terraform.io/hashicorp/azurerm\"]",
      "instances": [
        {
          "index_key": 0,
          "schema_version": 0,
          "attributes": {
            "id": "/subscriptions/6ee542a8-0314-472f-a628-625cfbfcc778/resourceGroups/tektutor-rg2/providers/Microsoft.Network/networkInterfaces/myNIC0|/subscriptions/6ee542a8-0314-472f-a628-625cfbfcc778/resourceGroups/tektutor-rg2/providers/Microsoft.Network/networkSecurityGroups/myNetworkSecurityGroup0",
            "network_interface_id": "/subscriptions/6ee542a8-0314-472f-a628-625cfbfcc778/resourceGroups/tektutor-rg2/providers/Microsoft.Network/networkInterfaces/myNIC0",
            "network_security_group_id": "/subscriptions/6ee542a8-0314-472f-a628-625cfbfcc778/resourceGroups/tektutor-rg2/providers/Microsoft.Network/networkSecurityGroups/myNetworkSecurityGroup0",
            "timeouts": null
          },
          "sensitive_attributes": [],
          "private": "eyJlMmJmYjczMC1lY2FhLTExZTYtOGY4OC0zNDM2M2JjN2M0YzAiOnsiY3JlYXRlIjoxODAwMDAwMDAwMDAwLCJkZWxldGUiOjE4MDAwMDAwMDAwMDAsInJlYWQiOjMwMDAwMDAwMDAwMCwidXBkYXRlIjoxODAwMDAwMDAwMDAwfX0=",
          "dependencies": [
            "azurerm_network_interface.my_nic",
            "azurerm_network_security_group.my-nsg",
            "azurerm_public_ip.my_public_ip",
            "azurerm_resource_group.rg",
            "azurerm_subnet.my_subnet",
            "azurerm_virtual_network.my_virtual_network"
          ]
        },
        {
          "index_key": 1,
          "schema_version": 0,
          "attributes": {
            "id": "/subscriptions/6ee542a8-0314-472f-a628-625cfbfcc778/resourceGroups/tektutor-rg2/providers/Microsoft.Network/networkInterfaces/myNIC1|/subscriptions/6ee542a8-0314-472f-a628-625cfbfcc778/resourceGroups/tektutor-rg2/providers/Microsoft.Network/networkSecurityGroups/myNetworkSecurityGroup1",
            "network_interface_id": "/subscriptions/6ee542a8-0314-472f-a628-625cfbfcc778/resourceGroups/tektutor-rg2/providers/Microsoft.Network/networkInterfaces/myNIC1",
            "network_security_group_id": "/subscriptions/6ee542a8-0314-472f-a628-625cfbfcc778/resourceGroups/tektutor-rg2/providers/Microsoft.Network/networkSecurityGroups/myNetworkSecurityGroup1",
            "timeouts": null
          },
          "sensitive_attributes": [],
          "private": "eyJlMmJmYjczMC1lY2FhLTExZTYtOGY4OC0zNDM2M2JjN2M0YzAiOnsiY3JlYXRlIjoxODAwMDAwMDAwMDAwLCJkZWxldGUiOjE4MDAwMDAwMDAwMDAsInJlYWQiOjMwMDAwMDAwMDAwMCwidXBkYXRlIjoxODAwMDAwMDAwMDAwfX0=",
          "dependencies": [
            "azurerm_network_interface.my_nic",
            "azurerm_network_security_group.my-nsg",
            "azurerm_public_ip.my_public_ip",
            "azurerm_resource_group.rg",
            "azurerm_subnet.my_subnet",
            "azurerm_virtual_network.my_virtual_network"
          ]
        },
        {
          "index_key": 2,
          "schema_version": 0,
          "attributes": {
            "id": "/subscriptions/6ee542a8-0314-472f-a628-625cfbfcc778/resourceGroups/tektutor-rg2/providers/Microsoft.Network/networkInterfaces/myNIC2|/subscriptions/6ee542a8-0314-472f-a628-625cfbfcc778/resourceGroups/tektutor-rg2/providers/Microsoft.Network/networkSecurityGroups/myNetworkSecurityGroup2",
            "network_interface_id": "/subscriptions/6ee542a8-0314-472f-a628-625cfbfcc778/resourceGroups/tektutor-rg2/providers/Microsoft.Network/networkInterfaces/myNIC2",
            "network_security_group_id": "/subscriptions/6ee542a8-0314-472f-a628-625cfbfcc778/resourceGroups/tektutor-rg2/providers/Microsoft.Network/networkSecurityGroups/myNetworkSecurityGroup2",
            "timeouts": null
          },
          "sensitive_attributes": [],
          "private": "eyJlMmJmYjczMC1lY2FhLTExZTYtOGY4OC0zNDM2M2JjN2M0YzAiOnsiY3JlYXRlIjoxODAwMDAwMDAwMDAwLCJkZWxldGUiOjE4MDAwMDAwMDAwMDAsInJlYWQiOjMwMDAwMDAwMDAwMCwidXBkYXRlIjoxODAwMDAwMDAwMDAwfX0=",
          "dependencies": [
            "azurerm_network_interface.my_nic",
            "azurerm_network_security_group.my-nsg",
            "azurerm_public_ip.my_public_ip",
            "azurerm_resource_group.rg",
            "azurerm_subnet.my_subnet",
            "azurerm_virtual_network.my_virtual_network"
          ]
        }
      ]
    },
    {
      "mode": "managed",
      "type": "azurerm_network_security_group",
      "name": "my-nsg",
      "provider": "provider[\"registry.terraform.io/hashicorp/azurerm\"]",
      "instances": [
        {
          "index_key": 0,
          "schema_version": 0,
          "attributes": {
            "id": "/subscriptions/6ee542a8-0314-472f-a628-625cfbfcc778/resourceGroups/tektutor-rg2/providers/Microsoft.Network/networkSecurityGroups/myNetworkSecurityGroup0",
            "location": "eastus",
            "name": "myNetworkSecurityGroup0",
            "resource_group_name": "tektutor-rg2",
            "security_rule": [
              {
                "access": "Allow",
                "description": "",
                "destination_address_prefix": "*",
                "destination_address_prefixes": [],
                "destination_application_security_group_ids": [],
                "destination_port_range": "*",
                "destination_port_ranges": [],
                "direction": "Inbound",
                "name": "AllowPing",
                "priority": 1003,
                "protocol": "Icmp",
                "source_address_prefix": "*",
                "source_address_prefixes": [],
                "source_application_security_group_ids": [],
                "source_port_range": "*",
                "source_port_ranges": []
              },
              {
                "access": "Allow",
                "description": "",
                "destination_address_prefix": "*",
                "destination_address_prefixes": [],
                "destination_application_security_group_ids": [],
                "destination_port_range": "22",
                "destination_port_ranges": [],
                "direction": "Inbound",
                "name": "AllowSSH",
                "priority": 1001,
                "protocol": "Tcp",
                "source_address_prefix": "*",
                "source_address_prefixes": [],
                "source_application_security_group_ids": [],
                "source_port_range": "*",
                "source_port_ranges": []
              },
              {
                "access": "Allow",
                "description": "",
                "destination_address_prefix": "*",
                "destination_address_prefixes": [],
                "destination_application_security_group_ids": [],
                "destination_port_range": "80",
                "destination_port_ranges": [],
                "direction": "Inbound",
                "name": "AllowHttp",
                "priority": 1002,
                "protocol": "Tcp",
                "source_address_prefix": "*",
                "source_address_prefixes": [],
                "source_application_security_group_ids": [],
                "source_port_range": "*",
                "source_port_ranges": []
              }
            ],
            "tags": null,
            "timeouts": null
          },
          "sensitive_attributes": [],
          "private": "eyJlMmJmYjczMC1lY2FhLTExZTYtOGY4OC0zNDM2M2JjN2M0YzAiOnsiY3JlYXRlIjoxODAwMDAwMDAwMDAwLCJkZWxldGUiOjE4MDAwMDAwMDAwMDAsInJlYWQiOjMwMDAwMDAwMDAwMCwidXBkYXRlIjoxODAwMDAwMDAwMDAwfX0=",
          "dependencies": [
            "azurerm_resource_group.rg"
          ]
        },
        {
          "index_key": 1,
          "schema_version": 0,
          "attributes": {
            "id": "/subscriptions/6ee542a8-0314-472f-a628-625cfbfcc778/resourceGroups/tektutor-rg2/providers/Microsoft.Network/networkSecurityGroups/myNetworkSecurityGroup1",
            "location": "eastus",
            "name": "myNetworkSecurityGroup1",
            "resource_group_name": "tektutor-rg2",
            "security_rule": [
              {
                "access": "Allow",
                "description": "",
                "destination_address_prefix": "*",
                "destination_address_prefixes": [],
                "destination_application_security_group_ids": [],
                "destination_port_range": "*",
                "destination_port_ranges": [],
                "direction": "Inbound",
                "name": "AllowPing",
                "priority": 1003,
                "protocol": "Icmp",
                "source_address_prefix": "*",
                "source_address_prefixes": [],
                "source_application_security_group_ids": [],
                "source_port_range": "*",
                "source_port_ranges": []
              },
              {
                "access": "Allow",
                "description": "",
                "destination_address_prefix": "*",
                "destination_address_prefixes": [],
                "destination_application_security_group_ids": [],
                "destination_port_range": "22",
                "destination_port_ranges": [],
                "direction": "Inbound",
                "name": "AllowSSH",
                "priority": 1001,
                "protocol": "Tcp",
                "source_address_prefix": "*",
                "source_address_prefixes": [],
                "source_application_security_group_ids": [],
                "source_port_range": "*",
                "source_port_ranges": []
              },
              {
                "access": "Allow",
                "description": "",
                "destination_address_prefix": "*",
                "destination_address_prefixes": [],
                "destination_application_security_group_ids": [],
                "destination_port_range": "80",
                "destination_port_ranges": [],
                "direction": "Inbound",
                "name": "AllowHttp",
                "priority": 1002,
                "protocol": "Tcp",
                "source_address_prefix": "*",
                "source_address_prefixes": [],
                "source_application_security_group_ids": [],
                "source_port_range": "*",
                "source_port_ranges": []
              }
            ],
            "tags": null,
            "timeouts": null
          },
          "sensitive_attributes": [],
          "private": "eyJlMmJmYjczMC1lY2FhLTExZTYtOGY4OC0zNDM2M2JjN2M0YzAiOnsiY3JlYXRlIjoxODAwMDAwMDAwMDAwLCJkZWxldGUiOjE4MDAwMDAwMDAwMDAsInJlYWQiOjMwMDAwMDAwMDAwMCwidXBkYXRlIjoxODAwMDAwMDAwMDAwfX0=",
          "dependencies": [
            "azurerm_resource_group.rg"
          ]
        },
        {
          "index_key": 2,
          "schema_version": 0,
          "attributes": {
            "id": "/subscriptions/6ee542a8-0314-472f-a628-625cfbfcc778/resourceGroups/tektutor-rg2/providers/Microsoft.Network/networkSecurityGroups/myNetworkSecurityGroup2",
            "location": "eastus",
            "name": "myNetworkSecurityGroup2",
            "resource_group_name": "tektutor-rg2",
            "security_rule": [
              {
                "access": "Allow",
                "description": "",
                "destination_address_prefix": "*",
                "destination_address_prefixes": [],
                "destination_application_security_group_ids": [],
                "destination_port_range": "*",
                "destination_port_ranges": [],
                "direction": "Inbound",
                "name": "AllowPing",
                "priority": 1003,
                "protocol": "Icmp",
                "source_address_prefix": "*",
                "source_address_prefixes": [],
                "source_application_security_group_ids": [],
                "source_port_range": "*",
                "source_port_ranges": []
              },
              {
                "access": "Allow",
                "description": "",
                "destination_address_prefix": "*",
                "destination_address_prefixes": [],
                "destination_application_security_group_ids": [],
                "destination_port_range": "22",
                "destination_port_ranges": [],
                "direction": "Inbound",
                "name": "AllowSSH",
                "priority": 1001,
                "protocol": "Tcp",
                "source_address_prefix": "*",
                "source_address_prefixes": [],
                "source_application_security_group_ids": [],
                "source_port_range": "*",
                "source_port_ranges": []
              },
              {
                "access": "Allow",
                "description": "",
                "destination_address_prefix": "*",
                "destination_address_prefixes": [],
                "destination_application_security_group_ids": [],
                "destination_port_range": "80",
                "destination_port_ranges": [],
                "direction": "Inbound",
                "name": "AllowHttp",
                "priority": 1002,
                "protocol": "Tcp",
                "source_address_prefix": "*",
                "source_address_prefixes": [],
                "source_application_security_group_ids": [],
                "source_port_range": "*",
                "source_port_ranges": []
              }
            ],
            "tags": null,
            "timeouts": null
          },
          "sensitive_attributes": [],
          "private": "eyJlMmJmYjczMC1lY2FhLTExZTYtOGY4OC0zNDM2M2JjN2M0YzAiOnsiY3JlYXRlIjoxODAwMDAwMDAwMDAwLCJkZWxldGUiOjE4MDAwMDAwMDAwMDAsInJlYWQiOjMwMDAwMDAwMDAwMCwidXBkYXRlIjoxODAwMDAwMDAwMDAwfX0=",
          "dependencies": [
            "azurerm_resource_group.rg"
          ]
        }
      ]
    },
    {
      "mode": "managed",
      "type": "azurerm_public_ip",
      "name": "lb_public_ip",
      "provider": "provider[\"registry.terraform.io/hashicorp/azurerm\"]",
      "instances": [
        {
          "schema_version": 0,
          "attributes": {
            "allocation_method": "Static",
            "ddos_protection_mode": "VirtualNetworkInherited",
            "ddos_protection_plan_id": null,
            "domain_name_label": null,
            "edge_zone": "",
            "fqdn": null,
            "id": "/subscriptions/6ee542a8-0314-472f-a628-625cfbfcc778/resourceGroups/tektutor-rg2/providers/Microsoft.Network/publicIPAddresses/PublicIPForLB",
            "idle_timeout_in_minutes": 4,
            "ip_address": "20.172.239.168",
            "ip_tags": null,
            "ip_version": "IPv4",
            "location": "eastus",
            "name": "PublicIPForLB",
            "public_ip_prefix_id": null,
            "resource_group_name": "tektutor-rg2",
            "reverse_fqdn": null,
            "sku": "Standard",
            "sku_tier": "Regional",
            "tags": null,
            "timeouts": null,
            "zones": null
          },
          "sensitive_attributes": [],
          "private": "eyJlMmJmYjczMC1lY2FhLTExZTYtOGY4OC0zNDM2M2JjN2M0YzAiOnsiY3JlYXRlIjoxODAwMDAwMDAwMDAwLCJkZWxldGUiOjE4MDAwMDAwMDAwMDAsInJlYWQiOjMwMDAwMDAwMDAwMCwidXBkYXRlIjoxODAwMDAwMDAwMDAwfX0=",
          "dependencies": [
            "azurerm_resource_group.rg"
          ]
        }
      ]
    },
    {
      "mode": "managed",
      "type": "azurerm_public_ip",
      "name": "my_public_ip",
      "provider": "provider[\"registry.terraform.io/hashicorp/azurerm\"]",
      "instances": [
        {
          "index_key": 0,
          "schema_version": 0,
          "attributes": {
            "allocation_method": "Dynamic",
            "ddos_protection_mode": "VirtualNetworkInherited",
            "ddos_protection_plan_id": null,
            "domain_name_label": null,
            "edge_zone": "",
            "fqdn": null,
            "id": "/subscriptions/6ee542a8-0314-472f-a628-625cfbfcc778/resourceGroups/tektutor-rg2/providers/Microsoft.Network/publicIPAddresses/myPublicIP0",
            "idle_timeout_in_minutes": 4,
            "ip_address": "",
            "ip_tags": null,
            "ip_version": "IPv4",
            "location": "eastus",
            "name": "myPublicIP0",
            "public_ip_prefix_id": null,
            "resource_group_name": "tektutor-rg2",
            "reverse_fqdn": null,
            "sku": "Basic",
            "sku_tier": "Regional",
            "tags": null,
            "timeouts": null,
            "zones": null
          },
          "sensitive_attributes": [],
          "private": "eyJlMmJmYjczMC1lY2FhLTExZTYtOGY4OC0zNDM2M2JjN2M0YzAiOnsiY3JlYXRlIjoxODAwMDAwMDAwMDAwLCJkZWxldGUiOjE4MDAwMDAwMDAwMDAsInJlYWQiOjMwMDAwMDAwMDAwMCwidXBkYXRlIjoxODAwMDAwMDAwMDAwfX0=",
          "dependencies": [
            "azurerm_resource_group.rg"
          ]
        },
        {
          "index_key": 1,
          "schema_version": 0,
          "attributes": {
            "allocation_method": "Dynamic",
            "ddos_protection_mode": "VirtualNetworkInherited",
            "ddos_protection_plan_id": null,
            "domain_name_label": null,
            "edge_zone": "",
            "fqdn": null,
            "id": "/subscriptions/6ee542a8-0314-472f-a628-625cfbfcc778/resourceGroups/tektutor-rg2/providers/Microsoft.Network/publicIPAddresses/myPublicIP1",
            "idle_timeout_in_minutes": 4,
            "ip_address": "",
            "ip_tags": null,
            "ip_version": "IPv4",
            "location": "eastus",
            "name": "myPublicIP1",
            "public_ip_prefix_id": null,
            "resource_group_name": "tektutor-rg2",
            "reverse_fqdn": null,
            "sku": "Basic",
            "sku_tier": "Regional",
            "tags": null,
            "timeouts": null,
            "zones": null
          },
          "sensitive_attributes": [],
          "private": "eyJlMmJmYjczMC1lY2FhLTExZTYtOGY4OC0zNDM2M2JjN2M0YzAiOnsiY3JlYXRlIjoxODAwMDAwMDAwMDAwLCJkZWxldGUiOjE4MDAwMDAwMDAwMDAsInJlYWQiOjMwMDAwMDAwMDAwMCwidXBkYXRlIjoxODAwMDAwMDAwMDAwfX0=",
          "dependencies": [
            "azurerm_resource_group.rg"
          ]
        },
        {
          "index_key": 2,
          "schema_version": 0,
          "attributes": {
            "allocation_method": "Dynamic",
            "ddos_protection_mode": "VirtualNetworkInherited",
            "ddos_protection_plan_id": null,
            "domain_name_label": null,
            "edge_zone": "",
            "fqdn": null,
            "id": "/subscriptions/6ee542a8-0314-472f-a628-625cfbfcc778/resourceGroups/tektutor-rg2/providers/Microsoft.Network/publicIPAddresses/myPublicIP2",
            "idle_timeout_in_minutes": 4,
            "ip_address": "",
            "ip_tags": null,
            "ip_version": "IPv4",
            "location": "eastus",
            "name": "myPublicIP2",
            "public_ip_prefix_id": null,
            "resource_group_name": "tektutor-rg2",
            "reverse_fqdn": null,
            "sku": "Basic",
            "sku_tier": "Regional",
            "tags": null,
            "timeouts": null,
            "zones": null
          },
          "sensitive_attributes": [],
          "private": "eyJlMmJmYjczMC1lY2FhLTExZTYtOGY4OC0zNDM2M2JjN2M0YzAiOnsiY3JlYXRlIjoxODAwMDAwMDAwMDAwLCJkZWxldGUiOjE4MDAwMDAwMDAwMDAsInJlYWQiOjMwMDAwMDAwMDAwMCwidXBkYXRlIjoxODAwMDAwMDAwMDAwfX0=",
          "dependencies": [
            "azurerm_resource_group.rg"
          ]
        }
      ]
    },
    {
      "mode": "managed",
      "type": "azurerm_resource_group",
      "name": "rg",
      "provider": "provider[\"registry.terraform.io/hashicorp/azurerm\"]",
      "instances": [
        {
          "schema_version": 0,
          "attributes": {
            "id": "/subscriptions/6ee542a8-0314-472f-a628-625cfbfcc778/resourceGroups/tektutor-rg2",
            "location": "eastus",
            "name": "tektutor-rg2",
            "tags": null,
            "timeouts": null
          },
          "sensitive_attributes": [],
          "private": "eyJlMmJmYjczMC1lY2FhLTExZTYtOGY4OC0zNDM2M2JjN2M0YzAiOnsiY3JlYXRlIjo1NDAwMDAwMDAwMDAwLCJkZWxldGUiOjU0MDAwMDAwMDAwMDAsInJlYWQiOjMwMDAwMDAwMDAwMCwidXBkYXRlIjo1NDAwMDAwMDAwMDAwfX0="
        }
      ]
    },
    {
      "mode": "managed",
      "type": "azurerm_subnet",
      "name": "my_subnet",
      "provider": "provider[\"registry.terraform.io/hashicorp/azurerm\"]",
      "instances": [
        {
          "schema_version": 0,
          "attributes": {
            "address_prefixes": [
              "10.0.1.0/24"
            ],
            "delegation": [],
            "enforce_private_link_endpoint_network_policies": false,
            "enforce_private_link_service_network_policies": false,
            "id": "/subscriptions/6ee542a8-0314-472f-a628-625cfbfcc778/resourceGroups/tektutor-rg2/providers/Microsoft.Network/virtualNetworks/my-virtual-net/subnets/mySubnet",
            "name": "mySubnet",
            "private_endpoint_network_policies_enabled": true,
            "private_link_service_network_policies_enabled": true,
            "resource_group_name": "tektutor-rg2",
            "service_endpoint_policy_ids": null,
            "service_endpoints": null,
            "timeouts": null,
            "virtual_network_name": "my-virtual-net"
          },
          "sensitive_attributes": [],
          "private": "eyJlMmJmYjczMC1lY2FhLTExZTYtOGY4OC0zNDM2M2JjN2M0YzAiOnsiY3JlYXRlIjoxODAwMDAwMDAwMDAwLCJkZWxldGUiOjE4MDAwMDAwMDAwMDAsInJlYWQiOjMwMDAwMDAwMDAwMCwidXBkYXRlIjoxODAwMDAwMDAwMDAwfX0=",
          "dependencies": [
            "azurerm_resource_group.rg",
            "azurerm_virtual_network.my_virtual_network"
          ]
        }
      ]
    },
    {
      "mode": "managed",
      "type": "azurerm_virtual_network",
      "name": "my_virtual_network",
      "provider": "provider[\"registry.terraform.io/hashicorp/azurerm\"]",
      "instances": [
        {
          "schema_version": 0,
          "attributes": {
            "address_space": [
              "10.0.0.0/16"
            ],
            "bgp_community": "",
            "ddos_protection_plan": [],
            "dns_servers": [],
            "edge_zone": "",
            "flow_timeout_in_minutes": 0,
            "guid": "5d9497da-a5e1-44a2-851c-6bc1a2c1befe",
            "id": "/subscriptions/6ee542a8-0314-472f-a628-625cfbfcc778/resourceGroups/tektutor-rg2/providers/Microsoft.Network/virtualNetworks/my-virtual-net",
            "location": "eastus",
            "name": "my-virtual-net",
            "resource_group_name": "tektutor-rg2",
            "subnet": [],
            "tags": null,
            "timeouts": null
          },
          "sensitive_attributes": [],
          "private": "eyJlMmJmYjczMC1lY2FhLTExZTYtOGY4OC0zNDM2M2JjN2M0YzAiOnsiY3JlYXRlIjoxODAwMDAwMDAwMDAwLCJkZWxldGUiOjE4MDAwMDAwMDAwMDAsInJlYWQiOjMwMDAwMDAwMDAwMCwidXBkYXRlIjoxODAwMDAwMDAwMDAwfX0=",
          "dependencies": [
            "azurerm_resource_group.rg"
          ]
        }
      ]
    },
    {
      "mode": "managed",
      "type": "tls_private_key",
      "name": "my_ssh_key",
      "provider": "provider[\"registry.terraform.io/hashicorp/tls\"]",
      "instances": [
        {
          "schema_version": 1,
          "attributes": {
            "algorithm": "RSA",
            "ecdsa_curve": "P224",
            "id": "f4df1d06d1928f047b66ecbadb5fa72602d77522",
            "private_key_openssh": "-----BEGIN OPENSSH PRIVATE KEY-----\nb3BlbnNzaC1rZXktdjEAAAAABG5vbmUAAAAEbm9uZQAAAAAAAAABAAACFwAAAAdz\nc2gtcnNhAAAAAwEAAQAAAgEAtZbU5R1lrRDagSfYhhhjTYm6adnTeAopvNm3i6oQ\ny534kKK6AtGI/PQJS8+9W5sAe7mgPE2Z1P/kH2xjGbSh2St1+SU5xrB80nPbl6+7\ngij7hwZhymZbPa23wyIfHlwNQ7vQHw18/8tP9DbG8dZPpB7txDJ0pCYNIRJ7C8zy\nkNPopS6Fj4k4A1/fz62JEazEBB8Eu6ZB2hRM9HouggaxrZ5195LPCwsT3Shvgjyz\n4Ym0WWg4bxGBDqQhTcTIj8utixf9lsb+pgp9Wvtk3ZPyttyeJJc6b4D9P5Q515f/\njOIGg7+FC6td0leZ+lYoNRf8qcO2kYQatgcJgkw9cg1PyOSM3MP7rp92LIQU0qEz\n1Q4BYQUL8R8e1L1jp1Z4p5KhvslJEBLhvq8lyb0QdK9X4fiGUk+6fZ9SRdlbWXmW\n1f3keZdi0gB2tWLDn8GRDPINkFXnSEmfk+p65zCY+8DKrx35DwCe8LJI6cNm8cQm\nHIaxB80mUkUWbFmnJ38DouFurl6tFRUEL1mCrIEIrxqbCKJ2vZ/v/oIf3nI1bmEc\ny04S27Gv9qyT0Pup8YZ8e/JLoZfcPzEYss0pSNabeZX+Be5I4aVjh0wPsd+bAI/Y\njIOQtYKEUVYBXFnXyV8klWUS+os5iHNqFR5YJGAeGE87y7qHmkn0vQ2B1Nf1EwFO\n/DcAAAc4YCO+3GAjvtwAAAAHc3NoLXJzYQAAAgEAtZbU5R1lrRDagSfYhhhjTYm6\nadnTeAopvNm3i6oQy534kKK6AtGI/PQJS8+9W5sAe7mgPE2Z1P/kH2xjGbSh2St1\n+SU5xrB80nPbl6+7gij7hwZhymZbPa23wyIfHlwNQ7vQHw18/8tP9DbG8dZPpB7t\nxDJ0pCYNIRJ7C8zykNPopS6Fj4k4A1/fz62JEazEBB8Eu6ZB2hRM9HouggaxrZ51\n95LPCwsT3Shvgjyz4Ym0WWg4bxGBDqQhTcTIj8utixf9lsb+pgp9Wvtk3ZPyttye\nJJc6b4D9P5Q515f/jOIGg7+FC6td0leZ+lYoNRf8qcO2kYQatgcJgkw9cg1PyOSM\n3MP7rp92LIQU0qEz1Q4BYQUL8R8e1L1jp1Z4p5KhvslJEBLhvq8lyb0QdK9X4fiG\nUk+6fZ9SRdlbWXmW1f3keZdi0gB2tWLDn8GRDPINkFXnSEmfk+p65zCY+8DKrx35\nDwCe8LJI6cNm8cQmHIaxB80mUkUWbFmnJ38DouFurl6tFRUEL1mCrIEIrxqbCKJ2\nvZ/v/oIf3nI1bmEcy04S27Gv9qyT0Pup8YZ8e/JLoZfcPzEYss0pSNabeZX+Be5I\n4aVjh0wPsd+bAI/YjIOQtYKEUVYBXFnXyV8klWUS+os5iHNqFR5YJGAeGE87y7qH\nmkn0vQ2B1Nf1EwFO/DcAAAADAQABAAACAQCWIHsmaKV07agYe37Rbjw7EJDjjkj8\nxzo2fbD3cMSt8o5b1Yz/Y4hjyMYevUMKBx3hLFhDQszZgi1xpURRLjtYtku0jYg0\nshigTVTRFWJqe8NnoGkc0n7AgWyZkQ41JVl6FD4+TgJ33/jcKKVVrx7syv075ZL1\nWtgj7Yl4+hnYjrmaRtn5DzMV5x+8LPZTfIgZ+CMLmKp8x6fPv2vP6AThS06wPdma\ngbAMea+m9tSotBY8jKOLf+c42Y0HJJfD+loh0tW+4AoL8EQvAgQkBHr3n3HHQpf3\nM6cr9znS+kE2km9cYOx391d73RzaEHzxWEF1gO7hY1xJ/YtpA+sQ7dx1D6g8VRoX\ng13eiJMocYbleL3OeKsaARDWtSGCDSUDGe4GlfZR2MKDQz9C3tylw6U/JE2uW6nk\nrNdnTiHKSMLZV6pRm6fecPJHWWBBAou8ghZZmv9WgSOHMtWGFImCHCMbDc1HsNQW\nCoPrvkLVXtNtYFHROFyo3cWYYPrQ9Gek4jN/NvbEXof5SuW/k/3rem2DRtSLvPvg\nnyZ6HqON2JfSZ7c7+eTMwHwNusaHhFKL340ntU4S9LbWmBXbs+YYWjuVTPmV0yma\n78vn+VZSlDFVJny/sI24EaexOWX+YlwHGpCY1YXkSyCuqWLOLpVyUneXFQtLkeG4\nvfnJ33zu03KNQQAAAQEAyDuxoAZ92flNJwkGcEtUri6n869I0ocWmPqTVgnThsGA\nst03b7pWSO03F6KjPAdi3CqpNL7+i0hWUbT0tNuUSpx5DmyTTx4WZd5hIstyiWaJ\nP/RKks+Icy8ZmZDKmNnHX+zH+EEt7FHB12YhWrrNeNqDv3xiCxOCW8s0ER+AUnqc\novG96dGrLP7iG0/SaNscfrgkZ1aTInIbU1Sry8MBkW2lHMWt7v+IiLhMs1DIsDVD\nod7y5hjpPDqKLvz7p8KMjG45UbpbVwrKI2G1ghidMStXzgRyFgoObO+7ZmYK5yS4\nt+O9XeNUbALxkRupf1ykg8q5JgrjlzLtLUX2drTuywAAAQEA2dQfEiB+0zUJNJLZ\nehbr8Foy3JFvtuxXJFiujoT6zc/OR524spbnsy7BmU/Webq8olEJI8S7o83Lkoxd\n44XJIWXWgTx7SxqHoGTHE+ISacVUGrUtlgLmtAIEqm8LarxV8FA6N+0KaXi6i0fL\n6/HHraG8s1oYSnTWQ+zWOVwpA+uJHKscitT0cJWMA0zddIE4+iE1I7ipZYgd1Pry\nXYO1z8bLj9Q+dSvkvNggTi7P0U/L94ofLWNi6kGcy19i8dj33PSkXvAOt13tZnIv\nVaUQBOIZ8f8cq7u8tnmLfuoeipsLMmfEgamMAqgYw5Bi9215eeLRcOPUIfINQcuw\nauuLhwAAAQEA1Wj+3zs4bY2a1j31nYnx+Mse+GacYB+N+8807MWlAZhEFEHWSf+7\n5xkDGjhSr8O0wYYTukoHKOdZNH/ZfUPyCnMowG9C1P55jAShAcNH6o3mQIotXzBY\nLH/at+icRh5D7mlZ1/6zud5qFINCTItmPvCmfyyKcMvywTRjXMPijvl+2P5326Xt\ng2T+RncTSzWms4OM1/4nlBjbUrD4mOnHc3XI25i6ZKp3VKM4QTRkyJ2H2Bpe+UIH\noU2w9+IA//7XxHiUMHu9LbVUwPwVR/qmXfVdnbSS4+9MCqMthFQpDUCSiDcffzyh\nEAnuq5Id+EBtgJP/xefR5JD/1Y4xOvAV0QAAAAAB\n-----END OPENSSH PRIVATE KEY-----\n",
            "private_key_pem": "-----BEGIN RSA PRIVATE KEY-----\nMIIJKQIBAAKCAgEAtZbU5R1lrRDagSfYhhhjTYm6adnTeAopvNm3i6oQy534kKK6\nAtGI/PQJS8+9W5sAe7mgPE2Z1P/kH2xjGbSh2St1+SU5xrB80nPbl6+7gij7hwZh\nymZbPa23wyIfHlwNQ7vQHw18/8tP9DbG8dZPpB7txDJ0pCYNIRJ7C8zykNPopS6F\nj4k4A1/fz62JEazEBB8Eu6ZB2hRM9HouggaxrZ5195LPCwsT3Shvgjyz4Ym0WWg4\nbxGBDqQhTcTIj8utixf9lsb+pgp9Wvtk3ZPyttyeJJc6b4D9P5Q515f/jOIGg7+F\nC6td0leZ+lYoNRf8qcO2kYQatgcJgkw9cg1PyOSM3MP7rp92LIQU0qEz1Q4BYQUL\n8R8e1L1jp1Z4p5KhvslJEBLhvq8lyb0QdK9X4fiGUk+6fZ9SRdlbWXmW1f3keZdi\n0gB2tWLDn8GRDPINkFXnSEmfk+p65zCY+8DKrx35DwCe8LJI6cNm8cQmHIaxB80m\nUkUWbFmnJ38DouFurl6tFRUEL1mCrIEIrxqbCKJ2vZ/v/oIf3nI1bmEcy04S27Gv\n9qyT0Pup8YZ8e/JLoZfcPzEYss0pSNabeZX+Be5I4aVjh0wPsd+bAI/YjIOQtYKE\nUVYBXFnXyV8klWUS+os5iHNqFR5YJGAeGE87y7qHmkn0vQ2B1Nf1EwFO/DcCAwEA\nAQKCAgEAliB7JmildO2oGHt+0W48OxCQ445I/Mc6Nn2w93DErfKOW9WM/2OIY8jG\nHr1DCgcd4SxYQ0LM2YItcaVEUS47WLZLtI2INLIYoE1U0RVianvDZ6BpHNJ+wIFs\nmZEONSVZehQ+Pk4Cd9/43CilVa8e7Mr9O+WS9VrYI+2JePoZ2I65mkbZ+Q8zFecf\nvCz2U3yIGfgjC5iqfMenz79rz+gE4UtOsD3ZmoGwDHmvpvbUqLQWPIyji3/nONmN\nBySXw/paIdLVvuAKC/BELwIEJAR6959xx0KX9zOnK/c50vpBNpJvXGDsd/dXe90c\n2hB88VhBdYDu4WNcSf2LaQPrEO3cdQ+oPFUaF4Nd3oiTKHGG5Xi9znirGgEQ1rUh\ngg0lAxnuBpX2UdjCg0M/Qt7cpcOlPyRNrlup5KzXZ04hykjC2VeqUZun3nDyR1lg\nQQKLvIIWWZr/VoEjhzLVhhSJghwjGw3NR7DUFgqD675C1V7TbWBR0ThcqN3FmGD6\n0PRnpOIzfzb2xF6H+Urlv5P963ptg0bUi7z74J8meh6jjdiX0me3O/nkzMB8DbrG\nh4RSi9+NJ7VOEvS21pgV27PmGFo7lUz5ldMpmu/L5/lWUpQxVSZ8v7CNuBGnsTll\n/mJcBxqQmNWF5Esgrqlizi6VclJ3lxULS5HhuL35yd987tNyjUECggEBANnUHxIg\nftM1CTSS2XoW6/BaMtyRb7bsVyRYro6E+s3PzkeduLKW57MuwZlP1nm6vKJRCSPE\nu6PNy5KMXeOFySFl1oE8e0sah6BkxxPiEmnFVBq1LZYC5rQCBKpvC2q8VfBQOjft\nCml4uotHy+vxx62hvLNaGEp01kPs1jlcKQPriRyrHIrU9HCVjANM3XSBOPohNSO4\nqWWIHdT68l2Dtc/Gy4/UPnUr5LzYIE4uz9FPy/eKHy1jYupBnMtfYvHY99z0pF7w\nDrdd7WZyL1WlEATiGfH/HKu7vLZ5i37qHoqbCzJnxIGpjAKoGMOQYvdteXni0XDj\n1CHyDUHLsGrri4cCggEBANVo/t87OG2NmtY99Z2J8fjLHvhmnGAfjfvPNOzFpQGY\nRBRB1kn/u+cZAxo4Uq/DtMGGE7pKByjnWTR/2X1D8gpzKMBvQtT+eYwEoQHDR+qN\n5kCKLV8wWCx/2rfonEYeQ+5pWdf+s7neahSDQkyLZj7wpn8sinDL8sE0Y1zD4o75\nftj+d9ul7YNk/kZ3E0s1prODjNf+J5QY21Kw+Jjpx3N1yNuYumSqd1SjOEE0ZMid\nh9gaXvlCB6FNsPfiAP/+18R4lDB7vS21VMD8FUf6pl31XZ20kuPvTAqjLYRUKQ1A\nkog3H388oRAJ7quSHfhAbYCT/8Xn0eSQ/9WOMTrwFdECggEAWpywqBu4ZieDwsjr\niqwKTZtX2QTu0csSnN3/Du4mXoL5LjVf5Xp8u77RbfMWJuEVIvhOswBdhdBPxJB7\nZe/7MNdqGayNJTrN/Fyvq4e5XSJm0A1Z/zMJwQut4S/8MdRSc3sMHMOQNzuvbczZ\n+TZEd+f11S2/OQnNL8hPfODnduf9y10qrF3VqResfJr27EXs66/wqQFiBghPUI9r\nTpdBhEMP3q7NpHQz3JKTLbKvZESrdjeQrJLRTN0qWjc9s5kr0lA6J/v4QzLhVGJf\namMVfNKJNG+I/69C2y1IZ+z/82x3hepAhid/RIOkeYWQhZiWlatSsIE1d0F3Xk1a\n/78n9QKCAQAVRTXCAiEJqkd4ewxz+z/G0Ffx4ihL3FlGc8yOnNRpaEfAzR8SmQ6d\nZfzNLDfxlMv7TeXBd4dnKEfX17ZRqegB6qBxLaW3nPV4Yy25A0Gzuxjr7dm/1w2y\nwbuHAQQyaOnUZWOzB4vaRrTD/qEpB+vU8h9mJYZW37z+TL5qjIuUPIHMFvDTT6Jw\nqiw90bh2ko5e7gmnrYk8VY3mnATrGMHsXBz85igNyH/ES9Bbj2FMLYdQnrBAn7gq\n95df3YLEAR54UpxSiMK+P4iHA5kLZ4wVaVM/WLQbS8qEdOcgfVLqIzl3oibdg6l5\n88N6DkI2cBV570Za71QYN+uH2XhGq49BAoIBAQDIO7GgBn3Z+U0nCQZwS1SuLqfz\nr0jShxaY+pNWCdOGwYCy3TdvulZI7TcXoqM8B2LcKqk0vv6LSFZRtPS025RKnHkO\nbJNPHhZl3mEiy3KJZok/9EqSz4hzLxmZkMqY2cdf7Mf4QS3sUcHXZiFaus142oO/\nfGILE4JbyzQRH4BSepyi8b3p0ass/uIbT9Jo2xx+uCRnVpMichtTVKvLwwGRbaUc\nxa3u/4iIuEyzUMiwNUOh3vLmGOk8Ooou/PunwoyMbjlRultXCsojYbWCGJ0xK1fO\nBHIWCg5s77tmZgrnJLi3471d41RsAvGRG6l/XKSDyrkmCuOXMu0tRfZ2tO7L\n-----END RSA PRIVATE KEY-----\n",
            "private_key_pem_pkcs8": "-----BEGIN PRIVATE KEY-----\nMIIJQwIBADANBgkqhkiG9w0BAQEFAASCCS0wggkpAgEAAoICAQC1ltTlHWWtENqB\nJ9iGGGNNibpp2dN4Cim82beLqhDLnfiQoroC0Yj89AlLz71bmwB7uaA8TZnU/+Qf\nbGMZtKHZK3X5JTnGsHzSc9uXr7uCKPuHBmHKZls9rbfDIh8eXA1Du9AfDXz/y0/0\nNsbx1k+kHu3EMnSkJg0hEnsLzPKQ0+ilLoWPiTgDX9/PrYkRrMQEHwS7pkHaFEz0\nei6CBrGtnnX3ks8LCxPdKG+CPLPhibRZaDhvEYEOpCFNxMiPy62LF/2Wxv6mCn1a\n+2Tdk/K23J4klzpvgP0/lDnXl/+M4gaDv4ULq13SV5n6Vig1F/ypw7aRhBq2BwmC\nTD1yDU/I5Izcw/uun3YshBTSoTPVDgFhBQvxHx7UvWOnVninkqG+yUkQEuG+ryXJ\nvRB0r1fh+IZST7p9n1JF2VtZeZbV/eR5l2LSAHa1YsOfwZEM8g2QVedISZ+T6nrn\nMJj7wMqvHfkPAJ7wskjpw2bxxCYchrEHzSZSRRZsWacnfwOi4W6uXq0VFQQvWYKs\ngQivGpsIona9n+/+gh/ecjVuYRzLThLbsa/2rJPQ+6nxhnx78kuhl9w/MRiyzSlI\n1pt5lf4F7kjhpWOHTA+x35sAj9iMg5C1goRRVgFcWdfJXySVZRL6izmIc2oVHlgk\nYB4YTzvLuoeaSfS9DYHU1/UTAU78NwIDAQABAoICAQCWIHsmaKV07agYe37Rbjw7\nEJDjjkj8xzo2fbD3cMSt8o5b1Yz/Y4hjyMYevUMKBx3hLFhDQszZgi1xpURRLjtY\ntku0jYg0shigTVTRFWJqe8NnoGkc0n7AgWyZkQ41JVl6FD4+TgJ33/jcKKVVrx7s\nyv075ZL1Wtgj7Yl4+hnYjrmaRtn5DzMV5x+8LPZTfIgZ+CMLmKp8x6fPv2vP6ATh\nS06wPdmagbAMea+m9tSotBY8jKOLf+c42Y0HJJfD+loh0tW+4AoL8EQvAgQkBHr3\nn3HHQpf3M6cr9znS+kE2km9cYOx391d73RzaEHzxWEF1gO7hY1xJ/YtpA+sQ7dx1\nD6g8VRoXg13eiJMocYbleL3OeKsaARDWtSGCDSUDGe4GlfZR2MKDQz9C3tylw6U/\nJE2uW6nkrNdnTiHKSMLZV6pRm6fecPJHWWBBAou8ghZZmv9WgSOHMtWGFImCHCMb\nDc1HsNQWCoPrvkLVXtNtYFHROFyo3cWYYPrQ9Gek4jN/NvbEXof5SuW/k/3rem2D\nRtSLvPvgnyZ6HqON2JfSZ7c7+eTMwHwNusaHhFKL340ntU4S9LbWmBXbs+YYWjuV\nTPmV0yma78vn+VZSlDFVJny/sI24EaexOWX+YlwHGpCY1YXkSyCuqWLOLpVyUneX\nFQtLkeG4vfnJ33zu03KNQQKCAQEA2dQfEiB+0zUJNJLZehbr8Foy3JFvtuxXJFiu\njoT6zc/OR524spbnsy7BmU/Webq8olEJI8S7o83Lkoxd44XJIWXWgTx7SxqHoGTH\nE+ISacVUGrUtlgLmtAIEqm8LarxV8FA6N+0KaXi6i0fL6/HHraG8s1oYSnTWQ+zW\nOVwpA+uJHKscitT0cJWMA0zddIE4+iE1I7ipZYgd1PryXYO1z8bLj9Q+dSvkvNgg\nTi7P0U/L94ofLWNi6kGcy19i8dj33PSkXvAOt13tZnIvVaUQBOIZ8f8cq7u8tnmL\nfuoeipsLMmfEgamMAqgYw5Bi9215eeLRcOPUIfINQcuwauuLhwKCAQEA1Wj+3zs4\nbY2a1j31nYnx+Mse+GacYB+N+8807MWlAZhEFEHWSf+75xkDGjhSr8O0wYYTukoH\nKOdZNH/ZfUPyCnMowG9C1P55jAShAcNH6o3mQIotXzBYLH/at+icRh5D7mlZ1/6z\nud5qFINCTItmPvCmfyyKcMvywTRjXMPijvl+2P5326Xtg2T+RncTSzWms4OM1/4n\nlBjbUrD4mOnHc3XI25i6ZKp3VKM4QTRkyJ2H2Bpe+UIHoU2w9+IA//7XxHiUMHu9\nLbVUwPwVR/qmXfVdnbSS4+9MCqMthFQpDUCSiDcffzyhEAnuq5Id+EBtgJP/xefR\n5JD/1Y4xOvAV0QKCAQBanLCoG7hmJ4PCyOuKrApNm1fZBO7RyxKc3f8O7iZegvku\nNV/leny7vtFt8xYm4RUi+E6zAF2F0E/EkHtl7/sw12oZrI0lOs38XK+rh7ldImbQ\nDVn/MwnBC63hL/wx1FJzewwcw5A3O69tzNn5NkR35/XVLb85Cc0vyE984Od25/3L\nXSqsXdWpF6x8mvbsRezrr/CpAWIGCE9Qj2tOl0GEQw/ers2kdDPckpMtsq9kRKt2\nN5CsktFM3SpaNz2zmSvSUDon+/hDMuFUYl9qYxV80ok0b4j/r0LbLUhn7P/zbHeF\n6kCGJ39Eg6R5hZCFmJaVq1KwgTV3QXdeTVr/vyf1AoIBABVFNcICIQmqR3h7DHP7\nP8bQV/HiKEvcWUZzzI6c1GloR8DNHxKZDp1l/M0sN/GUy/tN5cF3h2coR9fXtlGp\n6AHqoHEtpbec9XhjLbkDQbO7GOvt2b/XDbLBu4cBBDJo6dRlY7MHi9pGtMP+oSkH\n69TyH2YlhlbfvP5MvmqMi5Q8gcwW8NNPonCqLD3RuHaSjl7uCaetiTxVjeacBOsY\nwexcHPzmKA3If8RL0FuPYUwth1CesECfuCr3l1/dgsQBHnhSnFKIwr4/iIcDmQtn\njBVpUz9YtBtLyoR05yB9UuojOXeiJt2DqXnzw3oOQjZwFXnvRlrvVBg364fZeEar\nj0ECggEBAMg7saAGfdn5TScJBnBLVK4up/OvSNKHFpj6k1YJ04bBgLLdN2+6Vkjt\nNxeiozwHYtwqqTS+/otIVlG09LTblEqceQ5sk08eFmXeYSLLcolmiT/0SpLPiHMv\nGZmQypjZx1/sx/hBLexRwddmIVq6zXjag798YgsTglvLNBEfgFJ6nKLxvenRqyz+\n4htP0mjbHH64JGdWkyJyG1NUq8vDAZFtpRzFre7/iIi4TLNQyLA1Q6He8uYY6Tw6\nii78+6fCjIxuOVG6W1cKyiNhtYIYnTErV84EchYKDmzvu2ZmCuckuLfjvV3jVGwC\n8ZEbqX9cpIPKuSYK45cy7S1F9na07ss=\n-----END PRIVATE KEY-----\n",
            "public_key_fingerprint_md5": "85:bd:7c:7c:20:51:51:75:1b:79:be:53:53:98:20:4b",
            "public_key_fingerprint_sha256": "SHA256:yVbWG+QUepsKyxfOro1ZWphQH7gSbJHKSw/DTKNNjl0",
            "public_key_openssh": "ssh-rsa AAAAB3NzaC1yc2EAAAADAQABAAACAQC1ltTlHWWtENqBJ9iGGGNNibpp2dN4Cim82beLqhDLnfiQoroC0Yj89AlLz71bmwB7uaA8TZnU/+QfbGMZtKHZK3X5JTnGsHzSc9uXr7uCKPuHBmHKZls9rbfDIh8eXA1Du9AfDXz/y0/0Nsbx1k+kHu3EMnSkJg0hEnsLzPKQ0+ilLoWPiTgDX9/PrYkRrMQEHwS7pkHaFEz0ei6CBrGtnnX3ks8LCxPdKG+CPLPhibRZaDhvEYEOpCFNxMiPy62LF/2Wxv6mCn1a+2Tdk/K23J4klzpvgP0/lDnXl/+M4gaDv4ULq13SV5n6Vig1F/ypw7aRhBq2BwmCTD1yDU/I5Izcw/uun3YshBTSoTPVDgFhBQvxHx7UvWOnVninkqG+yUkQEuG+ryXJvRB0r1fh+IZST7p9n1JF2VtZeZbV/eR5l2LSAHa1YsOfwZEM8g2QVedISZ+T6nrnMJj7wMqvHfkPAJ7wskjpw2bxxCYchrEHzSZSRRZsWacnfwOi4W6uXq0VFQQvWYKsgQivGpsIona9n+/+gh/ecjVuYRzLThLbsa/2rJPQ+6nxhnx78kuhl9w/MRiyzSlI1pt5lf4F7kjhpWOHTA+x35sAj9iMg5C1goRRVgFcWdfJXySVZRL6izmIc2oVHlgkYB4YTzvLuoeaSfS9DYHU1/UTAU78Nw==\n",
            "public_key_pem": "-----BEGIN PUBLIC KEY-----\nMIICIjANBgkqhkiG9w0BAQEFAAOCAg8AMIICCgKCAgEAtZbU5R1lrRDagSfYhhhj\nTYm6adnTeAopvNm3i6oQy534kKK6AtGI/PQJS8+9W5sAe7mgPE2Z1P/kH2xjGbSh\n2St1+SU5xrB80nPbl6+7gij7hwZhymZbPa23wyIfHlwNQ7vQHw18/8tP9DbG8dZP\npB7txDJ0pCYNIRJ7C8zykNPopS6Fj4k4A1/fz62JEazEBB8Eu6ZB2hRM9Houggax\nrZ5195LPCwsT3Shvgjyz4Ym0WWg4bxGBDqQhTcTIj8utixf9lsb+pgp9Wvtk3ZPy\nttyeJJc6b4D9P5Q515f/jOIGg7+FC6td0leZ+lYoNRf8qcO2kYQatgcJgkw9cg1P\nyOSM3MP7rp92LIQU0qEz1Q4BYQUL8R8e1L1jp1Z4p5KhvslJEBLhvq8lyb0QdK9X\n4fiGUk+6fZ9SRdlbWXmW1f3keZdi0gB2tWLDn8GRDPINkFXnSEmfk+p65zCY+8DK\nrx35DwCe8LJI6cNm8cQmHIaxB80mUkUWbFmnJ38DouFurl6tFRUEL1mCrIEIrxqb\nCKJ2vZ/v/oIf3nI1bmEcy04S27Gv9qyT0Pup8YZ8e/JLoZfcPzEYss0pSNabeZX+\nBe5I4aVjh0wPsd+bAI/YjIOQtYKEUVYBXFnXyV8klWUS+os5iHNqFR5YJGAeGE87\ny7qHmkn0vQ2B1Nf1EwFO/DcCAwEAAQ==\n-----END PUBLIC KEY-----\n",
            "rsa_bits": 4096
          },
          "sensitive_attributes": [],
          "dependencies": [
            "azurerm_resource_group.rg"
          ]
        }
      ]
    }
  ],
  "check_results": null
}
